{
  "name": "playwrighttest",
  "version": "1.0.0",
  "lockfileVersion": 2,
  "requires": true,
  "packages": {
    "": {
      "name": "playwrighttest",
      "version": "1.0.0",
      "license": "ISC",
      "devDependencies": {
        "@playwright/test": "^1.23.1"
      }
    },
    "node_modules/@playwright/test": {
      "version": "1.23.1",
      "dev": true,
      "license": "Apache-2.0",
      "dependencies": {
        "@types/node": "*",
        "playwright-core": "1.23.1"
      },
      "bin": {
        "playwright": "cli.js"
      },
      "engines": {
        "node": ">=14"
      }
    },
    "node_modules/@playwright/test/node_modules/playwright-core": {
      "version": "1.23.1",
      "dev": true,
      "license": "Apache-2.0",
      "bin": {
        "playwright": "cli.js"
      },
      "engines": {
        "node": ">=14"
      }
    },
    "node_modules/@types/node": {
      "version": "18.0.3",
      "dev": true,
      "license": "MIT"
    }
  },
  "dependencies": {
    "@playwright/test": {
      "version": "1.23.1",
      "dev": true,
      "requires": {
        "@types/node": "*",
        "playwright-core": "1.23.1"
      },
      "dependencies": {
        "playwright-core": {
          "version": "1.23.1",
          "dev": true
        }
      }
    },
    "@types/node": {
      "version": "18.0.3",
      "dev": true
    }
  }
}
